{
  "name": "test",
  "version": "1.0.0",
  "lockfileVersion": 3,
  "requires": true,
  "packages": {
    "": {
      "name": "test",
      "version": "1.0.0",
      "license": "ISC",
      "dependencies": {
        "@sprisa/npmreleaser": "^0.0.2"
      }
    },
    "node_modules/@sprisa/npmreleaser": {
      "version": "0.0.2",
      "resolved": "https://registry.npmjs.org/@sprisa/npmreleaser/-/npmreleaser-0.0.2.tgz",
      "integrity": "sha512-ybIpHq5FBOQfPDcG16V2bnPA3/tbgpGgZUpQ8eKZG+mVnc4GvgKDkEBXrd85h8CDqavjR4CaR0MlzpTNSDvkFQ==",
      "license": "MPL-2.0",
      "bin": {
        "npmreleaser": "npmreleaser"
      },
      "optionalDependencies": {
        "@sprisa/npmreleaser_darwin-arm64": "0.0.2",
        "@sprisa/npmreleaser_darwin-x64": "0.0.2",
        "@sprisa/npmreleaser_linux-arm64": "0.0.2",
        "@sprisa/npmreleaser_linux-x64": "0.0.2",
        "@sprisa/npmreleaser_win32-arm64": "0.0.2",
        "@sprisa/npmreleaser_win32-x64": "0.0.2"
      }
    },
    "node_modules/@sprisa/npmreleaser_darwin-arm64": {
      "version": "0.0.2",
      "resolved": "https://registry.npmjs.org/@sprisa/npmreleaser_darwin-arm64/-/npmreleaser_darwin-arm64-0.0.2.tgz",
      "integrity": "sha512-7u75fSMVTV5zskZgVjp1T5QVJ9TEJPuwc+6Nez02iAXxO34+0aXK6lSXl8Fvh7U810OZhqXCYPGrjXekwN0bOQ==",
      "cpu": [
        "arm64"
      ],
      "license": "MPL-2.0",
      "optional": true,
      "os": [
        "darwin"
      ]
    },
    "node_modules/@sprisa/npmreleaser_darwin-x64": {
      "version": "0.0.2",
      "resolved": "https://registry.npmjs.org/@sprisa/npmreleaser_darwin-x64/-/npmreleaser_darwin-x64-0.0.2.tgz",
      "integrity": "sha512-DEgxtkqqAqJJnQpBMh9lyZi1Cf81wGivlet96dyfUmUbBD8au7u14Ti1+KWKqgup7Wjaca3nWRtfH/ceBgv+nw==",
      "cpu": [
        "x64"
      ],
      "license": "MPL-2.0",
      "optional": true,
      "os": [
        "darwin"
      ]
    },
    "node_modules/@sprisa/npmreleaser_linux-arm64": {
      "version": "0.0.2",
      "resolved": "https://registry.npmjs.org/@sprisa/npmreleaser_linux-arm64/-/npmreleaser_linux-arm64-0.0.2.tgz",
      "integrity": "sha512-nZUvcfzILIQAN956RMjCR/UqR5MFPDl29WWq5xbpWaDeD3n0yqeIbaba46Fzj+EJ4b7NB7Sfvbvz4L1fZ6HNUw==",
      "cpu": [
        "arm64"
      ],
      "license": "MPL-2.0",
      "optional": true,
      "os": [
        "linux"
      ]
    },
    "node_modules/@sprisa/npmreleaser_linux-x64": {
      "version": "0.0.2",
      "resolved": "https://registry.npmjs.org/@sprisa/npmreleaser_linux-x64/-/npmreleaser_linux-x64-0.0.2.tgz",
      "integrity": "sha512-iSTn6Kc5kLSw1VLRGykqQghDiPLA6381ShYIOWoTkCxwoJyl/D7troalnxlzNAGwrNn07tPG58sTC7RB0WOlaA==",
      "cpu": [
        "x64"
      ],
      "license": "MPL-2.0",
      "optional": true,
      "os": [
        "linux"
      ]
    },
    "node_modules/@sprisa/npmreleaser/node_modules/@sprisa/npmreleaser_win32-arm64": {
      "optional": true
    },
    "node_modules/@sprisa/npmreleaser/node_modules/@sprisa/npmreleaser_win32-x64": {
      "optional": true
    }
  }
}
