{
  "name": "test",
  "version": "1.0.0",
  "lockfileVersion": 3,
  "requires": true,
  "packages": {
    "": {
      "name": "test",
      "version": "1.0.0",
      "license": "ISC",
      "dependencies": {
        "@sprisa/npmreleaser": "0.0.3"
      }
    },
    "node_modules/@sprisa/npmreleaser": {
      "version": "0.0.3",
      "resolved": "https://registry.npmjs.org/@sprisa/npmreleaser/-/npmreleaser-0.0.3.tgz",
      "integrity": "sha512-sB7cInFcGwsDtmx1HhdU9ZYXWxUBYVn/tRfk1xM0gwqp0EPfRigwFyN1UyRvQzNVE+rBSym5PIQtW8GWZYGqzA==",
      "license": "MPL-2.0",
      "bin": {
        "npmreleaser": "npmreleaser"
      },
      "optionalDependencies": {
        "@sprisa/npmreleaser_darwin-amd64": "0.0.3",
        "@sprisa/npmreleaser_darwin-arm64": "0.0.3",
        "@sprisa/npmreleaser_linux-amd64": "0.0.3",
        "@sprisa/npmreleaser_linux-arm64": "0.0.3",
        "@sprisa/npmreleaser_windows-amd64": "0.0.3",
        "@sprisa/npmreleaser_windows-arm64": "0.0.3"
      }
    },
    "node_modules/@sprisa/npmreleaser_darwin-arm64": {
      "version": "0.0.3",
      "resolved": "https://registry.npmjs.org/@sprisa/npmreleaser_darwin-arm64/-/npmreleaser_darwin-arm64-0.0.3.tgz",
      "integrity": "sha512-ZsU4b/O6swOa62T4QonkEEideOiys19gef84idA5oKGgubG1jK/uHkyHW4/uJEWcj+Tp0vO40Da+5E3AvvApxA==",
      "cpu": [
        "arm64"
      ],
      "license": "MPL-2.0",
      "optional": true,
      "os": [
        "darwin"
      ]
    },
    "node_modules/@sprisa/npmreleaser_linux-arm64": {
      "version": "0.0.3",
      "resolved": "https://registry.npmjs.org/@sprisa/npmreleaser_linux-arm64/-/npmreleaser_linux-arm64-0.0.3.tgz",
      "integrity": "sha512-fatJLVJW2tcRmFhGcYU3zXcg3afMXAyfHrKA0a2liw1esdh2Oy5Gi8tRYdQMpcNNS56JUv2SD0Gd838QbeLoQw==",
      "cpu": [
        "arm64"
      ],
      "license": "MPL-2.0",
      "optional": true,
      "os": [
        "linux"
      ]
    },
    "node_modules/@sprisa/npmreleaser/node_modules/@sprisa/npmreleaser_darwin-amd64": {
      "optional": true
    },
    "node_modules/@sprisa/npmreleaser/node_modules/@sprisa/npmreleaser_linux-amd64": {
      "optional": true
    },
    "node_modules/@sprisa/npmreleaser/node_modules/@sprisa/npmreleaser_windows-amd64": {
      "optional": true
    },
    "node_modules/@sprisa/npmreleaser/node_modules/@sprisa/npmreleaser_windows-arm64": {
      "optional": true
    }
  }
}
